
Microsoft Visual Studio Solution File, Format Version 12.00
# Visual Studio 15
VisualStudioVersion = 15.0.27130.2020
MinimumVisualStudioVersion = 10.0.40219.1
Project("{FAE04EC0-301F-11D3-BF4B-00C04F79EFBC}") = "AppendPoints", "AppendPoints\AppendPoints.csproj", "{E2D7B054-9B51-4F15-B0AA-1A3565D0BAD4}"
EndProject
Project("{FAE04EC0-301F-11D3-BF4B-00C04F79EFBC}") = "ExternalProcessor", "ExternalProcessor\ExternalProcessor.csproj", "{B89A2D41-323B-4E48-AE24-357E215596D8}"
EndProject
Project("{2150E333-8FDC-42A3-9474-1A3956D46DE8}") = "Solution Items", "Solution Items", "{9A4C7B5E-822F-4468-8BE4-0AC4654FC2C9}"
	ProjectSection(SolutionItems) = preProject
		..\..\..\appveyor.yml = ..\..\..\appveyor.yml
		Readme.md = Readme.md
	EndProjectSection
EndProject
Project("{FAE04EC0-301F-11D3-BF4B-00C04F79EFBC}") = "UserImporter", "UserImporter\UserImporter.csproj", "{8BD7E403-82A9-4598-8D2C-4278D4FA4D38}"
EndProject
Project("{FAE04EC0-301F-11D3-BF4B-00C04F79EFBC}") = "PointZilla", "PointZilla\PointZilla.csproj", "{359BF3C7-E80C-4A96-9D0C-1ACECBBFA7C2}"
EndProject
Project("{FAE04EC0-301F-11D3-BF4B-00C04F79EFBC}") = "SharpShooterReportsRunner", "SharpShooterReportsRunner\SharpShooterReportsRunner.csproj", "{76E2CAFF-7AEE-420B-B5B5-F9AC060F3F6F}"
EndProject
Project("{FAE04EC0-301F-11D3-BF4B-00C04F79EFBC}") = "TimeSeriesChangeMonitor", "TimeSeriesChangeMonitor\TimeSeriesChangeMonitor.csproj", "{F5935231-D291-4740-8377-3605B5039A88}"
EndProject
Project("{FAE04EC0-301F-11D3-BF4B-00C04F79EFBC}") = "LocationDeleter", "LocationDeleter\LocationDeleter.csproj", "{172006C3-75DB-4C51-A46B-A90DAD039603}"
EndProject
Project("{FAE04EC0-301F-11D3-BF4B-00C04F79EFBC}") = "SosExporter", "SosExporter\SosExporter.csproj", "{E83887CC-5ECE-4BAB-925C-61055533F337}"
EndProject
Project("{FAE04EC0-301F-11D3-BF4B-00C04F79EFBC}") = "WaterWatchPreProcessor", "WaterWatchPreProcessor\WaterWatchPreProcessor.csproj", "{14AAC6FC-FE53-4656-BB8E-DA810088CB15}"
EndProject
Global
	GlobalSection(SolutionConfigurationPlatforms) = preSolution
		Debug|Any CPU = Debug|Any CPU
		Release|Any CPU = Release|Any CPU
	EndGlobalSection
	GlobalSection(ProjectConfigurationPlatforms) = postSolution
		{E2D7B054-9B51-4F15-B0AA-1A3565D0BAD4}.Debug|Any CPU.ActiveCfg = Debug|Any CPU
		{E2D7B054-9B51-4F15-B0AA-1A3565D0BAD4}.Debug|Any CPU.Build.0 = Debug|Any CPU
		{E2D7B054-9B51-4F15-B0AA-1A3565D0BAD4}.Release|Any CPU.ActiveCfg = Release|Any CPU
		{E2D7B054-9B51-4F15-B0AA-1A3565D0BAD4}.Release|Any CPU.Build.0 = Release|Any CPU
		{B89A2D41-323B-4E48-AE24-357E215596D8}.Debug|Any CPU.ActiveCfg = Debug|Any CPU
		{B89A2D41-323B-4E48-AE24-357E215596D8}.Debug|Any CPU.Build.0 = Debug|Any CPU
		{B89A2D41-323B-4E48-AE24-357E215596D8}.Release|Any CPU.ActiveCfg = Release|Any CPU
		{B89A2D41-323B-4E48-AE24-357E215596D8}.Release|Any CPU.Build.0 = Release|Any CPU
		{8BD7E403-82A9-4598-8D2C-4278D4FA4D38}.Debug|Any CPU.ActiveCfg = Debug|Any CPU
		{8BD7E403-82A9-4598-8D2C-4278D4FA4D38}.Debug|Any CPU.Build.0 = Debug|Any CPU
		{8BD7E403-82A9-4598-8D2C-4278D4FA4D38}.Release|Any CPU.ActiveCfg = Release|Any CPU
		{8BD7E403-82A9-4598-8D2C-4278D4FA4D38}.Release|Any CPU.Build.0 = Release|Any CPU
		{359BF3C7-E80C-4A96-9D0C-1ACECBBFA7C2}.Debug|Any CPU.ActiveCfg = Debug|Any CPU
		{359BF3C7-E80C-4A96-9D0C-1ACECBBFA7C2}.Debug|Any CPU.Build.0 = Debug|Any CPU
		{359BF3C7-E80C-4A96-9D0C-1ACECBBFA7C2}.Release|Any CPU.ActiveCfg = Release|Any CPU
		{359BF3C7-E80C-4A96-9D0C-1ACECBBFA7C2}.Release|Any CPU.Build.0 = Release|Any CPU
		{76E2CAFF-7AEE-420B-B5B5-F9AC060F3F6F}.Debug|Any CPU.ActiveCfg = Debug|Any CPU
		{76E2CAFF-7AEE-420B-B5B5-F9AC060F3F6F}.Debug|Any CPU.Build.0 = Debug|Any CPU
		{76E2CAFF-7AEE-420B-B5B5-F9AC060F3F6F}.Release|Any CPU.ActiveCfg = Release|Any CPU
		{76E2CAFF-7AEE-420B-B5B5-F9AC060F3F6F}.Release|Any CPU.Build.0 = Release|Any CPU
		{F5935231-D291-4740-8377-3605B5039A88}.Debug|Any CPU.ActiveCfg = Debug|Any CPU
		{F5935231-D291-4740-8377-3605B5039A88}.Debug|Any CPU.Build.0 = Debug|Any CPU
		{F5935231-D291-4740-8377-3605B5039A88}.Release|Any CPU.ActiveCfg = Release|Any CPU
		{F5935231-D291-4740-8377-3605B5039A88}.Release|Any CPU.Build.0 = Release|Any CPU
		{172006C3-75DB-4C51-A46B-A90DAD039603}.Debug|Any CPU.ActiveCfg = Debug|Any CPU
		{172006C3-75DB-4C51-A46B-A90DAD039603}.Debug|Any CPU.Build.0 = Debug|Any CPU
		{172006C3-75DB-4C51-A46B-A90DAD039603}.Release|Any CPU.ActiveCfg = Release|Any CPU
		{172006C3-75DB-4C51-A46B-A90DAD039603}.Release|Any CPU.Build.0 = Release|Any CPU
		{E83887CC-5ECE-4BAB-925C-61055533F337}.Debug|Any CPU.ActiveCfg = Debug|Any CPU
		{E83887CC-5ECE-4BAB-925C-61055533F337}.Debug|Any CPU.Build.0 = Debug|Any CPU
		{E83887CC-5ECE-4BAB-925C-61055533F337}.Release|Any CPU.ActiveCfg = Release|Any CPU
		{E83887CC-5ECE-4BAB-925C-61055533F337}.Release|Any CPU.Build.0 = Release|Any CPU
		{14AAC6FC-FE53-4656-BB8E-DA810088CB15}.Debug|Any CPU.ActiveCfg = Debug|Any CPU
		{14AAC6FC-FE53-4656-BB8E-DA810088CB15}.Debug|Any CPU.Build.0 = Debug|Any CPU
		{14AAC6FC-FE53-4656-BB8E-DA810088CB15}.Release|Any CPU.ActiveCfg = Release|Any CPU
		{14AAC6FC-FE53-4656-BB8E-DA810088CB15}.Release|Any CPU.Build.0 = Release|Any CPU
	EndGlobalSection
	GlobalSection(SolutionProperties) = preSolution
		HideSolutionNode = FALSE
	EndGlobalSection
	GlobalSection(ExtensibilityGlobals) = postSolution
		SolutionGuid = {7A7840EC-0F81-4B4B-8470-D6E7A2F4F7CC}
	EndGlobalSection
EndGlobal
