
Microsoft Visual Studio Solution File, Format Version 12.00
# Visual Studio Version 16
VisualStudioVersion = 16.0.29403.142
MinimumVisualStudioVersion = 10.0.40219.1
Project("{FAE04EC0-301F-11D3-BF4B-00C04F79EFBC}") = "ObservationValidator", "ObservationValidator\ObservationValidator.csproj", "{4BB8F57C-DD37-4401-85F7-C1B4D97F36C7}"
EndProject
Project("{FAE04EC0-301F-11D3-BF4B-00C04F79EFBC}") = "SamplesPlannedSpecimenInstantiator", "SamplesPlannedSpecimenInstantiator\SamplesPlannedSpecimenInstantiator.csproj", "{C491945B-F4FD-4501-B8D6-B1CF671762F5}"
EndProject
Project("{FAE04EC0-301F-11D3-BF4B-00C04F79EFBC}") = "SondeFileImporter", "SondeFileImporter\SondeFileImporter.csproj", "{6D5F7772-8BD0-4FCB-B2AC-0A173CD0C2E8}"
EndProject
Project("{FAE04EC0-301F-11D3-BF4B-00C04F79EFBC}") = "SamplesObservationExporter", "SamplesObservationExporter\SamplesObservationExporter.csproj", "{5376E418-B3AB-4318-B436-9F9B950A8087}"
EndProject
Project("{FAE04EC0-301F-11D3-BF4B-00C04F79EFBC}") = "LabFileImporter", "LabFileImporter\LabFileImporter.csproj", "{D061D5A5-BB33-4689-8F86-B5A8D06CA879}"
EndProject
Project("{2150E333-8FDC-42A3-9474-1A3956D46DE8}") = "Root", "Root", "{5CD4DD8E-B1D0-4710-B154-867002A3D1DB}"
	ProjectSection(SolutionItems) = preProject
		..\..\appveyor.yml = ..\..\appveyor.yml
	EndProjectSection
EndProject
Project("{FAE04EC0-301F-11D3-BF4B-00C04F79EFBC}") = "NWFWMD-LabFileImporter", "NWFWMD-LabFileImporter\NWFWMD-LabFileImporter.csproj", "{68A1831C-8662-40F5-B12F-3A4E1A1E72A7}"
EndProject
Project("{FAE04EC0-301F-11D3-BF4B-00C04F79EFBC}") = "ObservationReportExporter", "ObservationReportExporter\ObservationReportExporter.csproj", "{8D25D462-6D50-48A1-A5E4-05116EC7B51F}"
EndProject
Global
	GlobalSection(SolutionConfigurationPlatforms) = preSolution
		Debug|Any CPU = Debug|Any CPU
		Release|Any CPU = Release|Any CPU
	EndGlobalSection
	GlobalSection(ProjectConfigurationPlatforms) = postSolution
		{4BB8F57C-DD37-4401-85F7-C1B4D97F36C7}.Debug|Any CPU.ActiveCfg = Debug|Any CPU
		{4BB8F57C-DD37-4401-85F7-C1B4D97F36C7}.Debug|Any CPU.Build.0 = Debug|Any CPU
		{4BB8F57C-DD37-4401-85F7-C1B4D97F36C7}.Release|Any CPU.ActiveCfg = Release|Any CPU
		{4BB8F57C-DD37-4401-85F7-C1B4D97F36C7}.Release|Any CPU.Build.0 = Release|Any CPU
		{C491945B-F4FD-4501-B8D6-B1CF671762F5}.Debug|Any CPU.ActiveCfg = Debug|Any CPU
		{C491945B-F4FD-4501-B8D6-B1CF671762F5}.Debug|Any CPU.Build.0 = Debug|Any CPU
		{C491945B-F4FD-4501-B8D6-B1CF671762F5}.Release|Any CPU.ActiveCfg = Release|Any CPU
		{C491945B-F4FD-4501-B8D6-B1CF671762F5}.Release|Any CPU.Build.0 = Release|Any CPU
		{6D5F7772-8BD0-4FCB-B2AC-0A173CD0C2E8}.Debug|Any CPU.ActiveCfg = Debug|Any CPU
		{6D5F7772-8BD0-4FCB-B2AC-0A173CD0C2E8}.Debug|Any CPU.Build.0 = Debug|Any CPU
		{6D5F7772-8BD0-4FCB-B2AC-0A173CD0C2E8}.Release|Any CPU.ActiveCfg = Release|Any CPU
		{6D5F7772-8BD0-4FCB-B2AC-0A173CD0C2E8}.Release|Any CPU.Build.0 = Release|Any CPU
		{5376E418-B3AB-4318-B436-9F9B950A8087}.Debug|Any CPU.ActiveCfg = Debug|Any CPU
		{5376E418-B3AB-4318-B436-9F9B950A8087}.Debug|Any CPU.Build.0 = Debug|Any CPU
		{5376E418-B3AB-4318-B436-9F9B950A8087}.Release|Any CPU.ActiveCfg = Release|Any CPU
		{5376E418-B3AB-4318-B436-9F9B950A8087}.Release|Any CPU.Build.0 = Release|Any CPU
		{D061D5A5-BB33-4689-8F86-B5A8D06CA879}.Debug|Any CPU.ActiveCfg = Debug|Any CPU
		{D061D5A5-BB33-4689-8F86-B5A8D06CA879}.Debug|Any CPU.Build.0 = Debug|Any CPU
		{D061D5A5-BB33-4689-8F86-B5A8D06CA879}.Release|Any CPU.ActiveCfg = Release|Any CPU
		{D061D5A5-BB33-4689-8F86-B5A8D06CA879}.Release|Any CPU.Build.0 = Release|Any CPU
		{68A1831C-8662-40F5-B12F-3A4E1A1E72A7}.Debug|Any CPU.ActiveCfg = Debug|Any CPU
		{68A1831C-8662-40F5-B12F-3A4E1A1E72A7}.Debug|Any CPU.Build.0 = Debug|Any CPU
		{68A1831C-8662-40F5-B12F-3A4E1A1E72A7}.Release|Any CPU.ActiveCfg = Release|Any CPU
		{68A1831C-8662-40F5-B12F-3A4E1A1E72A7}.Release|Any CPU.Build.0 = Release|Any CPU
		{8D25D462-6D50-48A1-A5E4-05116EC7B51F}.Debug|Any CPU.ActiveCfg = Debug|Any CPU
		{8D25D462-6D50-48A1-A5E4-05116EC7B51F}.Debug|Any CPU.Build.0 = Debug|Any CPU
		{8D25D462-6D50-48A1-A5E4-05116EC7B51F}.Release|Any CPU.ActiveCfg = Release|Any CPU
		{8D25D462-6D50-48A1-A5E4-05116EC7B51F}.Release|Any CPU.Build.0 = Release|Any CPU
	EndGlobalSection
	GlobalSection(SolutionProperties) = preSolution
		HideSolutionNode = FALSE
	EndGlobalSection
	GlobalSection(ExtensibilityGlobals) = postSolution
		SolutionGuid = {571EF1BB-D36C-4AD3-B995-10B165DFC1E4}
	EndGlobalSection
EndGlobal
