
Microsoft Visual Studio Solution File, Format Version 12.00
# Visual Studio Version 16
VisualStudioVersion = 16.0.29403.142
MinimumVisualStudioVersion = 10.0.40219.1
Project("{FAE04EC0-301F-11D3-BF4B-00C04F79EFBC}") = "ObservationValidator", "ObservationValidator\ObservationValidator.csproj", "{4BB8F57C-DD37-4401-85F7-C1B4D97F36C7}"
EndProject
Project("{FAE04EC0-301F-11D3-BF4B-00C04F79EFBC}") = "SamplesPlannedSpecimenInstantiator", "SamplesPlannedSpecimenInstantiator\SamplesPlannedSpecimenInstantiator.csproj", "{C491945B-F4FD-4501-B8D6-B1CF671762F5}"
EndProject
Global
	GlobalSection(SolutionConfigurationPlatforms) = preSolution
		Debug|Any CPU = Debug|Any CPU
		Release|Any CPU = Release|Any CPU
	EndGlobalSection
	GlobalSection(ProjectConfigurationPlatforms) = postSolution
		{4BB8F57C-DD37-4401-85F7-C1B4D97F36C7}.Debug|Any CPU.ActiveCfg = Debug|Any CPU
		{4BB8F57C-DD37-4401-85F7-C1B4D97F36C7}.Debug|Any CPU.Build.0 = Debug|Any CPU
		{4BB8F57C-DD37-4401-85F7-C1B4D97F36C7}.Release|Any CPU.ActiveCfg = Release|Any CPU
		{4BB8F57C-DD37-4401-85F7-C1B4D97F36C7}.Release|Any CPU.Build.0 = Release|Any CPU
		{C491945B-F4FD-4501-B8D6-B1CF671762F5}.Debug|Any CPU.ActiveCfg = Debug|Any CPU
		{C491945B-F4FD-4501-B8D6-B1CF671762F5}.Debug|Any CPU.Build.0 = Debug|Any CPU
		{C491945B-F4FD-4501-B8D6-B1CF671762F5}.Release|Any CPU.ActiveCfg = Release|Any CPU
		{C491945B-F4FD-4501-B8D6-B1CF671762F5}.Release|Any CPU.Build.0 = Release|Any CPU
	EndGlobalSection
	GlobalSection(SolutionProperties) = preSolution
		HideSolutionNode = FALSE
	EndGlobalSection
	GlobalSection(ExtensibilityGlobals) = postSolution
		SolutionGuid = {571EF1BB-D36C-4AD3-B995-10B165DFC1E4}
	EndGlobalSection
EndGlobal
